
Microsoft Visual Studio Solution File, Format Version 12.00
# Visual Studio Version 16
VisualStudioVersion = 16.0.30011.22
MinimumVisualStudioVersion = 10.0.40219.1
Project("{FAE04EC0-301F-11D3-BF4B-00C04F79EFBC}") = "aBulServer", "aBulServer\aBulServer.csproj", "{DA688B0E-C210-4FC5-A918-C71785927CD9}"
EndProject
Global
	GlobalSection(SolutionConfigurationPlatforms) = preSolution
		Debug|Any CPU = Debug|Any CPU
		Release|Any CPU = Release|Any CPU
	EndGlobalSection
	GlobalSection(ProjectConfigurationPlatforms) = postSolution
		{DA688B0E-C210-4FC5-A918-C71785927CD9}.Debug|Any CPU.ActiveCfg = Debug|Any CPU
		{DA688B0E-C210-4FC5-A918-C71785927CD9}.Debug|Any CPU.Build.0 = Debug|Any CPU
		{DA688B0E-C210-4FC5-A918-C71785927CD9}.Release|Any CPU.ActiveCfg = Release|Any CPU
		{DA688B0E-C210-4FC5-A918-C71785927CD9}.Release|Any CPU.Build.0 = Release|Any CPU
	EndGlobalSection
	GlobalSection(SolutionProperties) = preSolution
		HideSolutionNode = FALSE
	EndGlobalSection
	GlobalSection(ExtensibilityGlobals) = postSolution
		SolutionGuid = {28ABCA35-4B56-49CE-A99B-CE53E81307FC}
	EndGlobalSection
EndGlobal
